
Microsoft Visual Studio Solution File, Format Version 12.00
# Visual Studio Version 17
VisualStudioVersion = 17.5.002.0
MinimumVisualStudioVersion = 10.0.40219.1
Project("{9A19103F-16F7-4668-BE54-9A1E7A4F7556}") = "RESTBlog", "RESTBlog.csproj", "{154D8A0A-E290-4F2D-8F0E-7FF211E8D0FD}"
EndProject
Global
	GlobalSection(SolutionConfigurationPlatforms) = preSolution
		Debug|Any CPU = Debug|Any CPU
		Release|Any CPU = Release|Any CPU
	EndGlobalSection
	GlobalSection(ProjectConfigurationPlatforms) = postSolution
		{154D8A0A-E290-4F2D-8F0E-7FF211E8D0FD}.Debug|Any CPU.ActiveCfg = Debug|Any CPU
		{154D8A0A-E290-4F2D-8F0E-7FF211E8D0FD}.Debug|Any CPU.Build.0 = Debug|Any CPU
		{154D8A0A-E290-4F2D-8F0E-7FF211E8D0FD}.Release|Any CPU.ActiveCfg = Release|Any CPU
		{154D8A0A-E290-4F2D-8F0E-7FF211E8D0FD}.Release|Any CPU.Build.0 = Release|Any CPU
	EndGlobalSection
	GlobalSection(SolutionProperties) = preSolution
		HideSolutionNode = FALSE
	EndGlobalSection
	GlobalSection(ExtensibilityGlobals) = postSolution
		SolutionGuid = {C4361338-6B44-4711-8E30-82972DEA3DEF}
	EndGlobalSection
EndGlobal
